
Microsoft Visual Studio Solution File, Format Version 12.00
# Visual Studio 2012
Project("{F184B08F-C81C-45F6-A57F-5ABD9991F28F}") = "PruebaMatrices", "PruebaMatrices\PruebaMatrices.vbproj", "{2C6F22AA-9685-4BC1-AE9C-8524DA00E79B}"
EndProject
Project("{F184B08F-C81C-45F6-A57F-5ABD9991F28F}") = "PruebaCorteRectas", "PruebaCorteRectas\PruebaCorteRectas.vbproj", "{AB617C3C-141F-4C8D-966F-177C6AF20903}"
EndProject
Project("{F184B08F-C81C-45F6-A57F-5ABD9991F28F}") = "PruebaSistemas", "PruebaSistemas\PruebaSistemas.vbproj", "{15129F0D-06BA-42BB-A6CC-178C6459BF0F}"
EndProject
Project("{F184B08F-C81C-45F6-A57F-5ABD9991F28F}") = "PruebaRango", "PruebaRango\PruebaRango.vbproj", "{A8A2DD18-7FF3-4B57-A573-4145E7D20618}"
EndProject
Project("{F184B08F-C81C-45F6-A57F-5ABD9991F28F}") = "PruebaClases", "PruebaClases\PruebaClases.vbproj", "{D7A4E7BE-0569-4C6A-9F1E-B403457E31CE}"
EndProject
Project("{F184B08F-C81C-45F6-A57F-5ABD9991F28F}") = "PruebaFigura2D", "PruebaFigura2D\PruebaFigura2D.vbproj", "{E3EBFF9F-4B25-40F9-B221-3DC73EEA771D}"
EndProject
Project("{F184B08F-C81C-45F6-A57F-5ABD9991F28F}") = "PruebaPoliedros", "PruebaPoliedros\PruebaPoliedros.vbproj", "{75A2210A-0B1D-4498-892F-848842020DEB}"
EndProject
Project("{F184B08F-C81C-45F6-A57F-5ABD9991F28F}") = "PruebaRenderOctree", "PruebaRenderOctree\PruebaRenderOctree.vbproj", "{B8261CA1-6F64-4ED0-9907-9DD9E62D280E}"
EndProject
Project("{F184B08F-C81C-45F6-A57F-5ABD9991F28F}") = "PruebaPosicionRelativa", "PruebaPosicionRelativa\PruebaPosicionRelativa.vbproj", "{FA89F48E-DCFA-43A6-AA29-4E286B4E0790}"
EndProject
Project("{F184B08F-C81C-45F6-A57F-5ABD9991F28F}") = "RotacionVectores", "RotacionVectores\RotacionVectores.vbproj", "{3AEFF55D-47C1-4E7E-AAF6-09E4968E5C8A}"
EndProject
Project("{F184B08F-C81C-45F6-A57F-5ABD9991F28F}") = "Motor3D", "motor3d 2.0\Motor3D.vbproj", "{A5067E63-15EE-4F19-8837-9E6E60E4E49C}"
EndProject
Project("{F184B08F-C81C-45F6-A57F-5ABD9991F28F}") = "PruebaRenderXNAWindows", "PruebaRenderXNAWindows\PruebaRenderXNAWindows\PruebaRenderXNAWindows.vbproj", "{4997289D-F2B7-4004-A5FD-FB426E8A087D}"
EndProject
Project("{FAE04EC0-301F-11D3-BF4B-00C04F79EFBC}") = "PruebaRenderXNAWindowsContent", "PruebaRenderXNAWindows\PruebaRenderXNAWindowsContent\PruebaRenderXNAWindowsContent.contentproj", "{89220A67-EAFA-4080-8CC7-FE6F365FFEDB}"
EndProject
Global
	GlobalSection(SolutionConfigurationPlatforms) = preSolution
		Debug-4.0|Any CPU = Debug-4.0|Any CPU
		Debug-4.0|Mixed Platforms = Debug-4.0|Mixed Platforms
		Debug-4.0|Xbox 360 = Debug-4.0|Xbox 360
		Debug-4.0|x64 = Debug-4.0|x64
		Debug-4.0|x86 = Debug-4.0|x86
		Debug|Any CPU = Debug|Any CPU
		Debug|Mixed Platforms = Debug|Mixed Platforms
		Debug|Xbox 360 = Debug|Xbox 360
		Debug|x64 = Debug|x64
		Debug|x86 = Debug|x86
		Public-4.0|Any CPU = Public-4.0|Any CPU
		Public-4.0|Mixed Platforms = Public-4.0|Mixed Platforms
		Public-4.0|Xbox 360 = Public-4.0|Xbox 360
		Public-4.0|x64 = Public-4.0|x64
		Public-4.0|x86 = Public-4.0|x86
		Release-4.0|Any CPU = Release-4.0|Any CPU
		Release-4.0|Mixed Platforms = Release-4.0|Mixed Platforms
		Release-4.0|Xbox 360 = Release-4.0|Xbox 360
		Release-4.0|x64 = Release-4.0|x64
		Release-4.0|x86 = Release-4.0|x86
		Release|Any CPU = Release|Any CPU
		Release|Mixed Platforms = Release|Mixed Platforms
		Release|Xbox 360 = Release|Xbox 360
		Release|x64 = Release|x64
		Release|x86 = Release|x86
	EndGlobalSection
	GlobalSection(ProjectConfigurationPlatforms) = postSolution
		{15129F0D-06BA-42BB-A6CC-178C6459BF0F}.Debug-4.0|Any CPU.ActiveCfg = Debug|Any CPU
		{15129F0D-06BA-42BB-A6CC-178C6459BF0F}.Debug-4.0|Any CPU.Build.0 = Debug|Any CPU
		{15129F0D-06BA-42BB-A6CC-178C6459BF0F}.Debug-4.0|Mixed Platforms.ActiveCfg = Debug|Any CPU
		{15129F0D-06BA-42BB-A6CC-178C6459BF0F}.Debug-4.0|Mixed Platforms.Build.0 = Debug|Any CPU
		{15129F0D-06BA-42BB-A6CC-178C6459BF0F}.Debug-4.0|Xbox 360.ActiveCfg = Debug|Any CPU
		{15129F0D-06BA-42BB-A6CC-178C6459BF0F}.Debug-4.0|x64.ActiveCfg = Debug|Any CPU
		{15129F0D-06BA-42BB-A6CC-178C6459BF0F}.Debug-4.0|x86.ActiveCfg = Debug|Any CPU
		{15129F0D-06BA-42BB-A6CC-178C6459BF0F}.Debug|Any CPU.ActiveCfg = Debug|Any CPU
		{15129F0D-06BA-42BB-A6CC-178C6459BF0F}.Debug|Any CPU.Build.0 = Debug|Any CPU
		{15129F0D-06BA-42BB-A6CC-178C6459BF0F}.Debug|Mixed Platforms.ActiveCfg = Debug|Any CPU
		{15129F0D-06BA-42BB-A6CC-178C6459BF0F}.Debug|Mixed Platforms.Build.0 = Debug|Any CPU
		{15129F0D-06BA-42BB-A6CC-178C6459BF0F}.Debug|Xbox 360.ActiveCfg = Debug|Any CPU
		{15129F0D-06BA-42BB-A6CC-178C6459BF0F}.Debug|x64.ActiveCfg = Debug|Any CPU
		{15129F0D-06BA-42BB-A6CC-178C6459BF0F}.Debug|x86.ActiveCfg = Debug|Any CPU
		{15129F0D-06BA-42BB-A6CC-178C6459BF0F}.Public-4.0|Any CPU.ActiveCfg = Release|Any CPU
		{15129F0D-06BA-42BB-A6CC-178C6459BF0F}.Public-4.0|Any CPU.Build.0 = Release|Any CPU
		{15129F0D-06BA-42BB-A6CC-178C6459BF0F}.Public-4.0|Mixed Platforms.ActiveCfg = Release|Any CPU
		{15129F0D-06BA-42BB-A6CC-178C6459BF0F}.Public-4.0|Mixed Platforms.Build.0 = Release|Any CPU
		{15129F0D-06BA-42BB-A6CC-178C6459BF0F}.Public-4.0|Xbox 360.ActiveCfg = Release|Any CPU
		{15129F0D-06BA-42BB-A6CC-178C6459BF0F}.Public-4.0|x64.ActiveCfg = Release|Any CPU
		{15129F0D-06BA-42BB-A6CC-178C6459BF0F}.Public-4.0|x86.ActiveCfg = Release|Any CPU
		{15129F0D-06BA-42BB-A6CC-178C6459BF0F}.Release-4.0|Any CPU.ActiveCfg = Release|Any CPU
		{15129F0D-06BA-42BB-A6CC-178C6459BF0F}.Release-4.0|Any CPU.Build.0 = Release|Any CPU
		{15129F0D-06BA-42BB-A6CC-178C6459BF0F}.Release-4.0|Mixed Platforms.ActiveCfg = Release|Any CPU
		{15129F0D-06BA-42BB-A6CC-178C6459BF0F}.Release-4.0|Mixed Platforms.Build.0 = Release|Any CPU
		{15129F0D-06BA-42BB-A6CC-178C6459BF0F}.Release-4.0|Xbox 360.ActiveCfg = Release|Any CPU
		{15129F0D-06BA-42BB-A6CC-178C6459BF0F}.Release-4.0|x64.ActiveCfg = Release|Any CPU
		{15129F0D-06BA-42BB-A6CC-178C6459BF0F}.Release-4.0|x86.ActiveCfg = Release|Any CPU
		{15129F0D-06BA-42BB-A6CC-178C6459BF0F}.Release|Any CPU.ActiveCfg = Release|Any CPU
		{15129F0D-06BA-42BB-A6CC-178C6459BF0F}.Release|Any CPU.Build.0 = Release|Any CPU
		{15129F0D-06BA-42BB-A6CC-178C6459BF0F}.Release|Mixed Platforms.ActiveCfg = Release|Any CPU
		{15129F0D-06BA-42BB-A6CC-178C6459BF0F}.Release|Mixed Platforms.Build.0 = Release|Any CPU
		{15129F0D-06BA-42BB-A6CC-178C6459BF0F}.Release|Xbox 360.ActiveCfg = Release|Any CPU
		{15129F0D-06BA-42BB-A6CC-178C6459BF0F}.Release|x64.ActiveCfg = Release|Any CPU
		{15129F0D-06BA-42BB-A6CC-178C6459BF0F}.Release|x86.ActiveCfg = Release|Any CPU
		{2C6F22AA-9685-4BC1-AE9C-8524DA00E79B}.Debug-4.0|Any CPU.ActiveCfg = Debug|Any CPU
		{2C6F22AA-9685-4BC1-AE9C-8524DA00E79B}.Debug-4.0|Any CPU.Build.0 = Debug|Any CPU
		{2C6F22AA-9685-4BC1-AE9C-8524DA00E79B}.Debug-4.0|Mixed Platforms.ActiveCfg = Debug|Any CPU
		{2C6F22AA-9685-4BC1-AE9C-8524DA00E79B}.Debug-4.0|Mixed Platforms.Build.0 = Debug|Any CPU
		{2C6F22AA-9685-4BC1-AE9C-8524DA00E79B}.Debug-4.0|Xbox 360.ActiveCfg = Debug|Any CPU
		{2C6F22AA-9685-4BC1-AE9C-8524DA00E79B}.Debug-4.0|x64.ActiveCfg = Debug|Any CPU
		{2C6F22AA-9685-4BC1-AE9C-8524DA00E79B}.Debug-4.0|x86.ActiveCfg = Debug|Any CPU
		{2C6F22AA-9685-4BC1-AE9C-8524DA00E79B}.Debug|Any CPU.ActiveCfg = Debug|Any CPU
		{2C6F22AA-9685-4BC1-AE9C-8524DA00E79B}.Debug|Any CPU.Build.0 = Debug|Any CPU
		{2C6F22AA-9685-4BC1-AE9C-8524DA00E79B}.Debug|Mixed Platforms.ActiveCfg = Debug|Any CPU
		{2C6F22AA-9685-4BC1-AE9C-8524DA00E79B}.Debug|Mixed Platforms.Build.0 = Debug|Any CPU
		{2C6F22AA-9685-4BC1-AE9C-8524DA00E79B}.Debug|Xbox 360.ActiveCfg = Debug|Any CPU
		{2C6F22AA-9685-4BC1-AE9C-8524DA00E79B}.Debug|x64.ActiveCfg = Debug|Any CPU
		{2C6F22AA-9685-4BC1-AE9C-8524DA00E79B}.Debug|x86.ActiveCfg = Debug|Any CPU
		{2C6F22AA-9685-4BC1-AE9C-8524DA00E79B}.Public-4.0|Any CPU.ActiveCfg = Release|Any CPU
		{2C6F22AA-9685-4BC1-AE9C-8524DA00E79B}.Public-4.0|Any CPU.Build.0 = Release|Any CPU
		{2C6F22AA-9685-4BC1-AE9C-8524DA00E79B}.Public-4.0|Mixed Platforms.ActiveCfg = Release|Any CPU
		{2C6F22AA-9685-4BC1-AE9C-8524DA00E79B}.Public-4.0|Mixed Platforms.Build.0 = Release|Any CPU
		{2C6F22AA-9685-4BC1-AE9C-8524DA00E79B}.Public-4.0|Xbox 360.ActiveCfg = Release|Any CPU
		{2C6F22AA-9685-4BC1-AE9C-8524DA00E79B}.Public-4.0|x64.ActiveCfg = Release|Any CPU
		{2C6F22AA-9685-4BC1-AE9C-8524DA00E79B}.Public-4.0|x86.ActiveCfg = Release|Any CPU
		{2C6F22AA-9685-4BC1-AE9C-8524DA00E79B}.Release-4.0|Any CPU.ActiveCfg = Release|Any CPU
		{2C6F22AA-9685-4BC1-AE9C-8524DA00E79B}.Release-4.0|Any CPU.Build.0 = Release|Any CPU
		{2C6F22AA-9685-4BC1-AE9C-8524DA00E79B}.Release-4.0|Mixed Platforms.ActiveCfg = Release|Any CPU
		{2C6F22AA-9685-4BC1-AE9C-8524DA00E79B}.Release-4.0|Mixed Platforms.Build.0 = Release|Any CPU
		{2C6F22AA-9685-4BC1-AE9C-8524DA00E79B}.Release-4.0|Xbox 360.ActiveCfg = Release|Any CPU
		{2C6F22AA-9685-4BC1-AE9C-8524DA00E79B}.Release-4.0|x64.ActiveCfg = Release|Any CPU
		{2C6F22AA-9685-4BC1-AE9C-8524DA00E79B}.Release-4.0|x86.ActiveCfg = Release|Any CPU
		{2C6F22AA-9685-4BC1-AE9C-8524DA00E79B}.Release|Any CPU.ActiveCfg = Release|Any CPU
		{2C6F22AA-9685-4BC1-AE9C-8524DA00E79B}.Release|Any CPU.Build.0 = Release|Any CPU
		{2C6F22AA-9685-4BC1-AE9C-8524DA00E79B}.Release|Mixed Platforms.ActiveCfg = Release|Any CPU
		{2C6F22AA-9685-4BC1-AE9C-8524DA00E79B}.Release|Mixed Platforms.Build.0 = Release|Any CPU
		{2C6F22AA-9685-4BC1-AE9C-8524DA00E79B}.Release|Xbox 360.ActiveCfg = Release|Any CPU
		{2C6F22AA-9685-4BC1-AE9C-8524DA00E79B}.Release|x64.ActiveCfg = Release|Any CPU
		{2C6F22AA-9685-4BC1-AE9C-8524DA00E79B}.Release|x86.ActiveCfg = Release|Any CPU
		{3AEFF55D-47C1-4E7E-AAF6-09E4968E5C8A}.Debug-4.0|Any CPU.ActiveCfg = Debug|x86
		{3AEFF55D-47C1-4E7E-AAF6-09E4968E5C8A}.Debug-4.0|Mixed Platforms.ActiveCfg = Debug|x86
		{3AEFF55D-47C1-4E7E-AAF6-09E4968E5C8A}.Debug-4.0|Mixed Platforms.Build.0 = Debug|x86
		{3AEFF55D-47C1-4E7E-AAF6-09E4968E5C8A}.Debug-4.0|Xbox 360.ActiveCfg = Debug|x86
		{3AEFF55D-47C1-4E7E-AAF6-09E4968E5C8A}.Debug-4.0|x64.ActiveCfg = Debug|x86
		{3AEFF55D-47C1-4E7E-AAF6-09E4968E5C8A}.Debug-4.0|x86.ActiveCfg = Debug|x86
		{3AEFF55D-47C1-4E7E-AAF6-09E4968E5C8A}.Debug-4.0|x86.Build.0 = Debug|x86
		{3AEFF55D-47C1-4E7E-AAF6-09E4968E5C8A}.Debug|Any CPU.ActiveCfg = Debug|x86
		{3AEFF55D-47C1-4E7E-AAF6-09E4968E5C8A}.Debug|Mixed Platforms.ActiveCfg = Debug|x86
		{3AEFF55D-47C1-4E7E-AAF6-09E4968E5C8A}.Debug|Mixed Platforms.Build.0 = Debug|x86
		{3AEFF55D-47C1-4E7E-AAF6-09E4968E5C8A}.Debug|Xbox 360.ActiveCfg = Debug|x86
		{3AEFF55D-47C1-4E7E-AAF6-09E4968E5C8A}.Debug|x64.ActiveCfg = Debug|x86
		{3AEFF55D-47C1-4E7E-AAF6-09E4968E5C8A}.Debug|x86.ActiveCfg = Debug|x86
		{3AEFF55D-47C1-4E7E-AAF6-09E4968E5C8A}.Debug|x86.Build.0 = Debug|x86
		{3AEFF55D-47C1-4E7E-AAF6-09E4968E5C8A}.Public-4.0|Any CPU.ActiveCfg = Release|x86
		{3AEFF55D-47C1-4E7E-AAF6-09E4968E5C8A}.Public-4.0|Mixed Platforms.ActiveCfg = Release|x86
		{3AEFF55D-47C1-4E7E-AAF6-09E4968E5C8A}.Public-4.0|Mixed Platforms.Build.0 = Release|x86
		{3AEFF55D-47C1-4E7E-AAF6-09E4968E5C8A}.Public-4.0|Xbox 360.ActiveCfg = Release|x86
		{3AEFF55D-47C1-4E7E-AAF6-09E4968E5C8A}.Public-4.0|x64.ActiveCfg = Release|x86
		{3AEFF55D-47C1-4E7E-AAF6-09E4968E5C8A}.Public-4.0|x86.ActiveCfg = Release|x86
		{3AEFF55D-47C1-4E7E-AAF6-09E4968E5C8A}.Public-4.0|x86.Build.0 = Release|x86
		{3AEFF55D-47C1-4E7E-AAF6-09E4968E5C8A}.Release-4.0|Any CPU.ActiveCfg = Release|x86
		{3AEFF55D-47C1-4E7E-AAF6-09E4968E5C8A}.Release-4.0|Mixed Platforms.ActiveCfg = Release|x86
		{3AEFF55D-47C1-4E7E-AAF6-09E4968E5C8A}.Release-4.0|Mixed Platforms.Build.0 = Release|x86
		{3AEFF55D-47C1-4E7E-AAF6-09E4968E5C8A}.Release-4.0|Xbox 360.ActiveCfg = Release|x86
		{3AEFF55D-47C1-4E7E-AAF6-09E4968E5C8A}.Release-4.0|x64.ActiveCfg = Release|x86
		{3AEFF55D-47C1-4E7E-AAF6-09E4968E5C8A}.Release-4.0|x86.ActiveCfg = Release|x86
		{3AEFF55D-47C1-4E7E-AAF6-09E4968E5C8A}.Release-4.0|x86.Build.0 = Release|x86
		{3AEFF55D-47C1-4E7E-AAF6-09E4968E5C8A}.Release|Any CPU.ActiveCfg = Release|x86
		{3AEFF55D-47C1-4E7E-AAF6-09E4968E5C8A}.Release|Mixed Platforms.ActiveCfg = Release|x86
		{3AEFF55D-47C1-4E7E-AAF6-09E4968E5C8A}.Release|Mixed Platforms.Build.0 = Release|x86
		{3AEFF55D-47C1-4E7E-AAF6-09E4968E5C8A}.Release|Xbox 360.ActiveCfg = Release|x86
		{3AEFF55D-47C1-4E7E-AAF6-09E4968E5C8A}.Release|x64.ActiveCfg = Release|x86
		{3AEFF55D-47C1-4E7E-AAF6-09E4968E5C8A}.Release|x86.ActiveCfg = Release|x86
		{3AEFF55D-47C1-4E7E-AAF6-09E4968E5C8A}.Release|x86.Build.0 = Release|x86
		{4997289D-F2B7-4004-A5FD-FB426E8A087D}.Debug-4.0|Any CPU.ActiveCfg = Debug|x86
		{4997289D-F2B7-4004-A5FD-FB426E8A087D}.Debug-4.0|Mixed Platforms.ActiveCfg = Debug|x86
		{4997289D-F2B7-4004-A5FD-FB426E8A087D}.Debug-4.0|Mixed Platforms.Build.0 = Debug|x86
		{4997289D-F2B7-4004-A5FD-FB426E8A087D}.Debug-4.0|Xbox 360.ActiveCfg = Debug|x86
		{4997289D-F2B7-4004-A5FD-FB426E8A087D}.Debug-4.0|Xbox 360.Build.0 = Debug|x86
		{4997289D-F2B7-4004-A5FD-FB426E8A087D}.Debug-4.0|x64.ActiveCfg = Debug|x86
		{4997289D-F2B7-4004-A5FD-FB426E8A087D}.Debug-4.0|x86.ActiveCfg = Debug|x86
		{4997289D-F2B7-4004-A5FD-FB426E8A087D}.Debug-4.0|x86.Build.0 = Debug|x86
		{4997289D-F2B7-4004-A5FD-FB426E8A087D}.Debug|Any CPU.ActiveCfg = Debug|x86
		{4997289D-F2B7-4004-A5FD-FB426E8A087D}.Debug|Any CPU.Build.0 = Debug|Any CPU
		{4997289D-F2B7-4004-A5FD-FB426E8A087D}.Debug|Mixed Platforms.ActiveCfg = Debug|x86
		{4997289D-F2B7-4004-A5FD-FB426E8A087D}.Debug|Mixed Platforms.Build.0 = Debug|x86
		{4997289D-F2B7-4004-A5FD-FB426E8A087D}.Debug|Xbox 360.ActiveCfg = Debug|x86
		{4997289D-F2B7-4004-A5FD-FB426E8A087D}.Debug|Xbox 360.Build.0 = Debug|x86
		{4997289D-F2B7-4004-A5FD-FB426E8A087D}.Debug|x64.ActiveCfg = Debug|x86
		{4997289D-F2B7-4004-A5FD-FB426E8A087D}.Debug|x86.ActiveCfg = Debug|x86
		{4997289D-F2B7-4004-A5FD-FB426E8A087D}.Debug|x86.Build.0 = Debug|x86
		{4997289D-F2B7-4004-A5FD-FB426E8A087D}.Public-4.0|Any CPU.ActiveCfg = Release|x86
		{4997289D-F2B7-4004-A5FD-FB426E8A087D}.Public-4.0|Mixed Platforms.ActiveCfg = Release|x86
		{4997289D-F2B7-4004-A5FD-FB426E8A087D}.Public-4.0|Mixed Platforms.Build.0 = Release|x86
		{4997289D-F2B7-4004-A5FD-FB426E8A087D}.Public-4.0|Xbox 360.ActiveCfg = Release|x86
		{4997289D-F2B7-4004-A5FD-FB426E8A087D}.Public-4.0|Xbox 360.Build.0 = Release|x86
		{4997289D-F2B7-4004-A5FD-FB426E8A087D}.Public-4.0|x64.ActiveCfg = Release|x86
		{4997289D-F2B7-4004-A5FD-FB426E8A087D}.Public-4.0|x86.ActiveCfg = Release|x86
		{4997289D-F2B7-4004-A5FD-FB426E8A087D}.Public-4.0|x86.Build.0 = Release|x86
		{4997289D-F2B7-4004-A5FD-FB426E8A087D}.Release-4.0|Any CPU.ActiveCfg = Release|x86
		{4997289D-F2B7-4004-A5FD-FB426E8A087D}.Release-4.0|Mixed Platforms.ActiveCfg = Release|x86
		{4997289D-F2B7-4004-A5FD-FB426E8A087D}.Release-4.0|Mixed Platforms.Build.0 = Release|x86
		{4997289D-F2B7-4004-A5FD-FB426E8A087D}.Release-4.0|Xbox 360.ActiveCfg = Release|x86
		{4997289D-F2B7-4004-A5FD-FB426E8A087D}.Release-4.0|Xbox 360.Build.0 = Release|x86
		{4997289D-F2B7-4004-A5FD-FB426E8A087D}.Release-4.0|x64.ActiveCfg = Release|x86
		{4997289D-F2B7-4004-A5FD-FB426E8A087D}.Release-4.0|x86.ActiveCfg = Release|x86
		{4997289D-F2B7-4004-A5FD-FB426E8A087D}.Release-4.0|x86.Build.0 = Release|x86
		{4997289D-F2B7-4004-A5FD-FB426E8A087D}.Release|Any CPU.ActiveCfg = Release|x86
		{4997289D-F2B7-4004-A5FD-FB426E8A087D}.Release|Any CPU.Build.0 = Release|Any CPU
		{4997289D-F2B7-4004-A5FD-FB426E8A087D}.Release|Mixed Platforms.ActiveCfg = Release|x86
		{4997289D-F2B7-4004-A5FD-FB426E8A087D}.Release|Mixed Platforms.Build.0 = Release|x86
		{4997289D-F2B7-4004-A5FD-FB426E8A087D}.Release|Xbox 360.ActiveCfg = Release|x86
		{4997289D-F2B7-4004-A5FD-FB426E8A087D}.Release|Xbox 360.Build.0 = Release|x86
		{4997289D-F2B7-4004-A5FD-FB426E8A087D}.Release|x64.ActiveCfg = Release|x86
		{4997289D-F2B7-4004-A5FD-FB426E8A087D}.Release|x86.ActiveCfg = Release|x86
		{4997289D-F2B7-4004-A5FD-FB426E8A087D}.Release|x86.Build.0 = Release|x86
		{75A2210A-0B1D-4498-892F-848842020DEB}.Debug-4.0|Any CPU.ActiveCfg = Debug|Any CPU
		{75A2210A-0B1D-4498-892F-848842020DEB}.Debug-4.0|Any CPU.Build.0 = Debug|Any CPU
		{75A2210A-0B1D-4498-892F-848842020DEB}.Debug-4.0|Mixed Platforms.ActiveCfg = Debug|Any CPU
		{75A2210A-0B1D-4498-892F-848842020DEB}.Debug-4.0|Mixed Platforms.Build.0 = Debug|Any CPU
		{75A2210A-0B1D-4498-892F-848842020DEB}.Debug-4.0|Xbox 360.ActiveCfg = Debug|Any CPU
		{75A2210A-0B1D-4498-892F-848842020DEB}.Debug-4.0|x64.ActiveCfg = Debug|Any CPU
		{75A2210A-0B1D-4498-892F-848842020DEB}.Debug-4.0|x86.ActiveCfg = Debug|Any CPU
		{75A2210A-0B1D-4498-892F-848842020DEB}.Debug|Any CPU.ActiveCfg = Debug|Any CPU
		{75A2210A-0B1D-4498-892F-848842020DEB}.Debug|Any CPU.Build.0 = Debug|Any CPU
		{75A2210A-0B1D-4498-892F-848842020DEB}.Debug|Mixed Platforms.ActiveCfg = Debug|Any CPU
		{75A2210A-0B1D-4498-892F-848842020DEB}.Debug|Mixed Platforms.Build.0 = Debug|Any CPU
		{75A2210A-0B1D-4498-892F-848842020DEB}.Debug|Xbox 360.ActiveCfg = Debug|Any CPU
		{75A2210A-0B1D-4498-892F-848842020DEB}.Debug|x64.ActiveCfg = Debug|Any CPU
		{75A2210A-0B1D-4498-892F-848842020DEB}.Debug|x86.ActiveCfg = Debug|Any CPU
		{75A2210A-0B1D-4498-892F-848842020DEB}.Public-4.0|Any CPU.ActiveCfg = Release|Any CPU
		{75A2210A-0B1D-4498-892F-848842020DEB}.Public-4.0|Any CPU.Build.0 = Release|Any CPU
		{75A2210A-0B1D-4498-892F-848842020DEB}.Public-4.0|Mixed Platforms.ActiveCfg = Release|Any CPU
		{75A2210A-0B1D-4498-892F-848842020DEB}.Public-4.0|Mixed Platforms.Build.0 = Release|Any CPU
		{75A2210A-0B1D-4498-892F-848842020DEB}.Public-4.0|Xbox 360.ActiveCfg = Release|Any CPU
		{75A2210A-0B1D-4498-892F-848842020DEB}.Public-4.0|x64.ActiveCfg = Release|Any CPU
		{75A2210A-0B1D-4498-892F-848842020DEB}.Public-4.0|x86.ActiveCfg = Release|Any CPU
		{75A2210A-0B1D-4498-892F-848842020DEB}.Release-4.0|Any CPU.ActiveCfg = Release|Any CPU
		{75A2210A-0B1D-4498-892F-848842020DEB}.Release-4.0|Any CPU.Build.0 = Release|Any CPU
		{75A2210A-0B1D-4498-892F-848842020DEB}.Release-4.0|Mixed Platforms.ActiveCfg = Release|Any CPU
		{75A2210A-0B1D-4498-892F-848842020DEB}.Release-4.0|Mixed Platforms.Build.0 = Release|Any CPU
		{75A2210A-0B1D-4498-892F-848842020DEB}.Release-4.0|Xbox 360.ActiveCfg = Release|Any CPU
		{75A2210A-0B1D-4498-892F-848842020DEB}.Release-4.0|x64.ActiveCfg = Release|Any CPU
		{75A2210A-0B1D-4498-892F-848842020DEB}.Release-4.0|x86.ActiveCfg = Release|Any CPU
		{75A2210A-0B1D-4498-892F-848842020DEB}.Release|Any CPU.ActiveCfg = Release|Any CPU
		{75A2210A-0B1D-4498-892F-848842020DEB}.Release|Any CPU.Build.0 = Release|Any CPU
		{75A2210A-0B1D-4498-892F-848842020DEB}.Release|Mixed Platforms.ActiveCfg = Release|Any CPU
		{75A2210A-0B1D-4498-892F-848842020DEB}.Release|Mixed Platforms.Build.0 = Release|Any CPU
		{75A2210A-0B1D-4498-892F-848842020DEB}.Release|Xbox 360.ActiveCfg = Release|Any CPU
		{75A2210A-0B1D-4498-892F-848842020DEB}.Release|x64.ActiveCfg = Release|Any CPU
		{75A2210A-0B1D-4498-892F-848842020DEB}.Release|x86.ActiveCfg = Release|Any CPU
		{89220A67-EAFA-4080-8CC7-FE6F365FFEDB}.Debug-4.0|Any CPU.ActiveCfg = Debug|x86
		{89220A67-EAFA-4080-8CC7-FE6F365FFEDB}.Debug-4.0|Mixed Platforms.ActiveCfg = Debug|x86
		{89220A67-EAFA-4080-8CC7-FE6F365FFEDB}.Debug-4.0|Xbox 360.ActiveCfg = Debug|x86
		{89220A67-EAFA-4080-8CC7-FE6F365FFEDB}.Debug-4.0|x64.ActiveCfg = Debug|x86
		{89220A67-EAFA-4080-8CC7-FE6F365FFEDB}.Debug-4.0|x86.ActiveCfg = Debug|x86
		{89220A67-EAFA-4080-8CC7-FE6F365FFEDB}.Debug|Any CPU.ActiveCfg = Debug|x86
		{89220A67-EAFA-4080-8CC7-FE6F365FFEDB}.Debug|Any CPU.Build.0 = Debug|Any CPU
		{89220A67-EAFA-4080-8CC7-FE6F365FFEDB}.Debug|Mixed Platforms.ActiveCfg = Debug|x86
		{89220A67-EAFA-4080-8CC7-FE6F365FFEDB}.Debug|Xbox 360.ActiveCfg = Debug|x86
		{89220A67-EAFA-4080-8CC7-FE6F365FFEDB}.Debug|x64.ActiveCfg = Debug|x86
		{89220A67-EAFA-4080-8CC7-FE6F365FFEDB}.Debug|x86.ActiveCfg = Debug|x86
		{89220A67-EAFA-4080-8CC7-FE6F365FFEDB}.Public-4.0|Any CPU.ActiveCfg = Release|x86
		{89220A67-EAFA-4080-8CC7-FE6F365FFEDB}.Public-4.0|Mixed Platforms.ActiveCfg = Release|x86
		{89220A67-EAFA-4080-8CC7-FE6F365FFEDB}.Public-4.0|Xbox 360.ActiveCfg = Release|x86
		{89220A67-EAFA-4080-8CC7-FE6F365FFEDB}.Public-4.0|x64.ActiveCfg = Release|x86
		{89220A67-EAFA-4080-8CC7-FE6F365FFEDB}.Public-4.0|x86.ActiveCfg = Release|x86
		{89220A67-EAFA-4080-8CC7-FE6F365FFEDB}.Release-4.0|Any CPU.ActiveCfg = Release|x86
		{89220A67-EAFA-4080-8CC7-FE6F365FFEDB}.Release-4.0|Mixed Platforms.ActiveCfg = Release|x86
		{89220A67-EAFA-4080-8CC7-FE6F365FFEDB}.Release-4.0|Xbox 360.ActiveCfg = Release|x86
		{89220A67-EAFA-4080-8CC7-FE6F365FFEDB}.Release-4.0|x64.ActiveCfg = Release|x86
		{89220A67-EAFA-4080-8CC7-FE6F365FFEDB}.Release-4.0|x86.ActiveCfg = Release|x86
		{89220A67-EAFA-4080-8CC7-FE6F365FFEDB}.Release|Any CPU.ActiveCfg = Release|x86
		{89220A67-EAFA-4080-8CC7-FE6F365FFEDB}.Release|Any CPU.Build.0 = Release|Any CPU
		{89220A67-EAFA-4080-8CC7-FE6F365FFEDB}.Release|Mixed Platforms.ActiveCfg = Release|x86
		{89220A67-EAFA-4080-8CC7-FE6F365FFEDB}.Release|Xbox 360.ActiveCfg = Release|x86
		{89220A67-EAFA-4080-8CC7-FE6F365FFEDB}.Release|x64.ActiveCfg = Release|x86
		{89220A67-EAFA-4080-8CC7-FE6F365FFEDB}.Release|x86.ActiveCfg = Release|x86
		{A5067E63-15EE-4F19-8837-9E6E60E4E49C}.Debug-4.0|Any CPU.ActiveCfg = Debug|Any CPU
		{A5067E63-15EE-4F19-8837-9E6E60E4E49C}.Debug-4.0|Any CPU.Build.0 = Debug|Any CPU
		{A5067E63-15EE-4F19-8837-9E6E60E4E49C}.Debug-4.0|Mixed Platforms.ActiveCfg = Debug|Any CPU
		{A5067E63-15EE-4F19-8837-9E6E60E4E49C}.Debug-4.0|Mixed Platforms.Build.0 = Debug|Any CPU
		{A5067E63-15EE-4F19-8837-9E6E60E4E49C}.Debug-4.0|Xbox 360.ActiveCfg = Debug|Any CPU
		{A5067E63-15EE-4F19-8837-9E6E60E4E49C}.Debug-4.0|x64.ActiveCfg = Debug|Any CPU
		{A5067E63-15EE-4F19-8837-9E6E60E4E49C}.Debug-4.0|x86.ActiveCfg = Debug|Any CPU
		{A5067E63-15EE-4F19-8837-9E6E60E4E49C}.Debug|Any CPU.ActiveCfg = Debug|Any CPU
		{A5067E63-15EE-4F19-8837-9E6E60E4E49C}.Debug|Any CPU.Build.0 = Debug|Any CPU
		{A5067E63-15EE-4F19-8837-9E6E60E4E49C}.Debug|Mixed Platforms.ActiveCfg = Debug|Any CPU
		{A5067E63-15EE-4F19-8837-9E6E60E4E49C}.Debug|Mixed Platforms.Build.0 = Debug|Any CPU
		{A5067E63-15EE-4F19-8837-9E6E60E4E49C}.Debug|Xbox 360.ActiveCfg = Debug|Any CPU
		{A5067E63-15EE-4F19-8837-9E6E60E4E49C}.Debug|x64.ActiveCfg = Debug|Any CPU
		{A5067E63-15EE-4F19-8837-9E6E60E4E49C}.Debug|x86.ActiveCfg = Debug|Any CPU
		{A5067E63-15EE-4F19-8837-9E6E60E4E49C}.Public-4.0|Any CPU.ActiveCfg = Release|Any CPU
		{A5067E63-15EE-4F19-8837-9E6E60E4E49C}.Public-4.0|Any CPU.Build.0 = Release|Any CPU
		{A5067E63-15EE-4F19-8837-9E6E60E4E49C}.Public-4.0|Mixed Platforms.ActiveCfg = Release|Any CPU
		{A5067E63-15EE-4F19-8837-9E6E60E4E49C}.Public-4.0|Mixed Platforms.Build.0 = Release|Any CPU
		{A5067E63-15EE-4F19-8837-9E6E60E4E49C}.Public-4.0|Xbox 360.ActiveCfg = Release|Any CPU
		{A5067E63-15EE-4F19-8837-9E6E60E4E49C}.Public-4.0|x64.ActiveCfg = Release|Any CPU
		{A5067E63-15EE-4F19-8837-9E6E60E4E49C}.Public-4.0|x86.ActiveCfg = Release|Any CPU
		{A5067E63-15EE-4F19-8837-9E6E60E4E49C}.Release-4.0|Any CPU.ActiveCfg = Release|Any CPU
		{A5067E63-15EE-4F19-8837-9E6E60E4E49C}.Release-4.0|Any CPU.Build.0 = Release|Any CPU
		{A5067E63-15EE-4F19-8837-9E6E60E4E49C}.Release-4.0|Mixed Platforms.ActiveCfg = Release|Any CPU
		{A5067E63-15EE-4F19-8837-9E6E60E4E49C}.Release-4.0|Mixed Platforms.Build.0 = Release|Any CPU
		{A5067E63-15EE-4F19-8837-9E6E60E4E49C}.Release-4.0|Xbox 360.ActiveCfg = Release|Any CPU
		{A5067E63-15EE-4F19-8837-9E6E60E4E49C}.Release-4.0|x64.ActiveCfg = Release|Any CPU
		{A5067E63-15EE-4F19-8837-9E6E60E4E49C}.Release-4.0|x86.ActiveCfg = Release|Any CPU
		{A5067E63-15EE-4F19-8837-9E6E60E4E49C}.Release|Any CPU.ActiveCfg = Release|Any CPU
		{A5067E63-15EE-4F19-8837-9E6E60E4E49C}.Release|Any CPU.Build.0 = Release|Any CPU
		{A5067E63-15EE-4F19-8837-9E6E60E4E49C}.Release|Mixed Platforms.ActiveCfg = Release|Any CPU
		{A5067E63-15EE-4F19-8837-9E6E60E4E49C}.Release|Mixed Platforms.Build.0 = Release|Any CPU
		{A5067E63-15EE-4F19-8837-9E6E60E4E49C}.Release|Xbox 360.ActiveCfg = Release|Any CPU
		{A5067E63-15EE-4F19-8837-9E6E60E4E49C}.Release|x64.ActiveCfg = Release|Any CPU
		{A5067E63-15EE-4F19-8837-9E6E60E4E49C}.Release|x86.ActiveCfg = Release|Any CPU
		{A8A2DD18-7FF3-4B57-A573-4145E7D20618}.Debug-4.0|Any CPU.ActiveCfg = Debug|Any CPU
		{A8A2DD18-7FF3-4B57-A573-4145E7D20618}.Debug-4.0|Any CPU.Build.0 = Debug|Any CPU
		{A8A2DD18-7FF3-4B57-A573-4145E7D20618}.Debug-4.0|Mixed Platforms.ActiveCfg = Debug|Any CPU
		{A8A2DD18-7FF3-4B57-A573-4145E7D20618}.Debug-4.0|Mixed Platforms.Build.0 = Debug|Any CPU
		{A8A2DD18-7FF3-4B57-A573-4145E7D20618}.Debug-4.0|Xbox 360.ActiveCfg = Debug|Any CPU
		{A8A2DD18-7FF3-4B57-A573-4145E7D20618}.Debug-4.0|x64.ActiveCfg = Debug|Any CPU
		{A8A2DD18-7FF3-4B57-A573-4145E7D20618}.Debug-4.0|x86.ActiveCfg = Debug|Any CPU
		{A8A2DD18-7FF3-4B57-A573-4145E7D20618}.Debug|Any CPU.ActiveCfg = Debug|Any CPU
		{A8A2DD18-7FF3-4B57-A573-4145E7D20618}.Debug|Any CPU.Build.0 = Debug|Any CPU
		{A8A2DD18-7FF3-4B57-A573-4145E7D20618}.Debug|Mixed Platforms.ActiveCfg = Debug|Any CPU
		{A8A2DD18-7FF3-4B57-A573-4145E7D20618}.Debug|Mixed Platforms.Build.0 = Debug|Any CPU
		{A8A2DD18-7FF3-4B57-A573-4145E7D20618}.Debug|Xbox 360.ActiveCfg = Debug|Any CPU
		{A8A2DD18-7FF3-4B57-A573-4145E7D20618}.Debug|x64.ActiveCfg = Debug|Any CPU
		{A8A2DD18-7FF3-4B57-A573-4145E7D20618}.Debug|x86.ActiveCfg = Debug|Any CPU
		{A8A2DD18-7FF3-4B57-A573-4145E7D20618}.Public-4.0|Any CPU.ActiveCfg = Release|Any CPU
		{A8A2DD18-7FF3-4B57-A573-4145E7D20618}.Public-4.0|Any CPU.Build.0 = Release|Any CPU
		{A8A2DD18-7FF3-4B57-A573-4145E7D20618}.Public-4.0|Mixed Platforms.ActiveCfg = Release|Any CPU
		{A8A2DD18-7FF3-4B57-A573-4145E7D20618}.Public-4.0|Mixed Platforms.Build.0 = Release|Any CPU
		{A8A2DD18-7FF3-4B57-A573-4145E7D20618}.Public-4.0|Xbox 360.ActiveCfg = Release|Any CPU
		{A8A2DD18-7FF3-4B57-A573-4145E7D20618}.Public-4.0|x64.ActiveCfg = Release|Any CPU
		{A8A2DD18-7FF3-4B57-A573-4145E7D20618}.Public-4.0|x86.ActiveCfg = Release|Any CPU
		{A8A2DD18-7FF3-4B57-A573-4145E7D20618}.Release-4.0|Any CPU.ActiveCfg = Release|Any CPU
		{A8A2DD18-7FF3-4B57-A573-4145E7D20618}.Release-4.0|Any CPU.Build.0 = Release|Any CPU
		{A8A2DD18-7FF3-4B57-A573-4145E7D20618}.Release-4.0|Mixed Platforms.ActiveCfg = Release|Any CPU
		{A8A2DD18-7FF3-4B57-A573-4145E7D20618}.Release-4.0|Mixed Platforms.Build.0 = Release|Any CPU
		{A8A2DD18-7FF3-4B57-A573-4145E7D20618}.Release-4.0|Xbox 360.ActiveCfg = Release|Any CPU
		{A8A2DD18-7FF3-4B57-A573-4145E7D20618}.Release-4.0|x64.ActiveCfg = Release|Any CPU
		{A8A2DD18-7FF3-4B57-A573-4145E7D20618}.Release-4.0|x86.ActiveCfg = Release|Any CPU
		{A8A2DD18-7FF3-4B57-A573-4145E7D20618}.Release|Any CPU.ActiveCfg = Release|Any CPU
		{A8A2DD18-7FF3-4B57-A573-4145E7D20618}.Release|Any CPU.Build.0 = Release|Any CPU
		{A8A2DD18-7FF3-4B57-A573-4145E7D20618}.Release|Mixed Platforms.ActiveCfg = Release|Any CPU
		{A8A2DD18-7FF3-4B57-A573-4145E7D20618}.Release|Mixed Platforms.Build.0 = Release|Any CPU
		{A8A2DD18-7FF3-4B57-A573-4145E7D20618}.Release|Xbox 360.ActiveCfg = Release|Any CPU
		{A8A2DD18-7FF3-4B57-A573-4145E7D20618}.Release|x64.ActiveCfg = Release|Any CPU
		{A8A2DD18-7FF3-4B57-A573-4145E7D20618}.Release|x86.ActiveCfg = Release|Any CPU
		{AB617C3C-141F-4C8D-966F-177C6AF20903}.Debug-4.0|Any CPU.ActiveCfg = Debug|Any CPU
		{AB617C3C-141F-4C8D-966F-177C6AF20903}.Debug-4.0|Any CPU.Build.0 = Debug|Any CPU
		{AB617C3C-141F-4C8D-966F-177C6AF20903}.Debug-4.0|Mixed Platforms.ActiveCfg = Debug|Any CPU
		{AB617C3C-141F-4C8D-966F-177C6AF20903}.Debug-4.0|Mixed Platforms.Build.0 = Debug|Any CPU
		{AB617C3C-141F-4C8D-966F-177C6AF20903}.Debug-4.0|Xbox 360.ActiveCfg = Debug|Any CPU
		{AB617C3C-141F-4C8D-966F-177C6AF20903}.Debug-4.0|x64.ActiveCfg = Debug|Any CPU
		{AB617C3C-141F-4C8D-966F-177C6AF20903}.Debug-4.0|x86.ActiveCfg = Debug|Any CPU
		{AB617C3C-141F-4C8D-966F-177C6AF20903}.Debug|Any CPU.ActiveCfg = Debug|Any CPU
		{AB617C3C-141F-4C8D-966F-177C6AF20903}.Debug|Any CPU.Build.0 = Debug|Any CPU
		{AB617C3C-141F-4C8D-966F-177C6AF20903}.Debug|Mixed Platforms.ActiveCfg = Debug|Any CPU
		{AB617C3C-141F-4C8D-966F-177C6AF20903}.Debug|Mixed Platforms.Build.0 = Debug|Any CPU
		{AB617C3C-141F-4C8D-966F-177C6AF20903}.Debug|Xbox 360.ActiveCfg = Debug|Any CPU
		{AB617C3C-141F-4C8D-966F-177C6AF20903}.Debug|x64.ActiveCfg = Debug|Any CPU
		{AB617C3C-141F-4C8D-966F-177C6AF20903}.Debug|x86.ActiveCfg = Debug|Any CPU
		{AB617C3C-141F-4C8D-966F-177C6AF20903}.Public-4.0|Any CPU.ActiveCfg = Release|Any CPU
		{AB617C3C-141F-4C8D-966F-177C6AF20903}.Public-4.0|Any CPU.Build.0 = Release|Any CPU
		{AB617C3C-141F-4C8D-966F-177C6AF20903}.Public-4.0|Mixed Platforms.ActiveCfg = Release|Any CPU
		{AB617C3C-141F-4C8D-966F-177C6AF20903}.Public-4.0|Mixed Platforms.Build.0 = Release|Any CPU
		{AB617C3C-141F-4C8D-966F-177C6AF20903}.Public-4.0|Xbox 360.ActiveCfg = Release|Any CPU
		{AB617C3C-141F-4C8D-966F-177C6AF20903}.Public-4.0|x64.ActiveCfg = Release|Any CPU
		{AB617C3C-141F-4C8D-966F-177C6AF20903}.Public-4.0|x86.ActiveCfg = Release|Any CPU
		{AB617C3C-141F-4C8D-966F-177C6AF20903}.Release-4.0|Any CPU.ActiveCfg = Release|Any CPU
		{AB617C3C-141F-4C8D-966F-177C6AF20903}.Release-4.0|Any CPU.Build.0 = Release|Any CPU
		{AB617C3C-141F-4C8D-966F-177C6AF20903}.Release-4.0|Mixed Platforms.ActiveCfg = Release|Any CPU
		{AB617C3C-141F-4C8D-966F-177C6AF20903}.Release-4.0|Mixed Platforms.Build.0 = Release|Any CPU
		{AB617C3C-141F-4C8D-966F-177C6AF20903}.Release-4.0|Xbox 360.ActiveCfg = Release|Any CPU
		{AB617C3C-141F-4C8D-966F-177C6AF20903}.Release-4.0|x64.ActiveCfg = Release|Any CPU
		{AB617C3C-141F-4C8D-966F-177C6AF20903}.Release-4.0|x86.ActiveCfg = Release|Any CPU
		{AB617C3C-141F-4C8D-966F-177C6AF20903}.Release|Any CPU.ActiveCfg = Release|Any CPU
		{AB617C3C-141F-4C8D-966F-177C6AF20903}.Release|Any CPU.Build.0 = Release|Any CPU
		{AB617C3C-141F-4C8D-966F-177C6AF20903}.Release|Mixed Platforms.ActiveCfg = Release|Any CPU
		{AB617C3C-141F-4C8D-966F-177C6AF20903}.Release|Mixed Platforms.Build.0 = Release|Any CPU
		{AB617C3C-141F-4C8D-966F-177C6AF20903}.Release|Xbox 360.ActiveCfg = Release|Any CPU
		{AB617C3C-141F-4C8D-966F-177C6AF20903}.Release|x64.ActiveCfg = Release|Any CPU
		{AB617C3C-141F-4C8D-966F-177C6AF20903}.Release|x86.ActiveCfg = Release|Any CPU
		{B8261CA1-6F64-4ED0-9907-9DD9E62D280E}.Debug-4.0|Any CPU.ActiveCfg = Debug|x86
		{B8261CA1-6F64-4ED0-9907-9DD9E62D280E}.Debug-4.0|Mixed Platforms.ActiveCfg = Debug|x86
		{B8261CA1-6F64-4ED0-9907-9DD9E62D280E}.Debug-4.0|Mixed Platforms.Build.0 = Debug|x86
		{B8261CA1-6F64-4ED0-9907-9DD9E62D280E}.Debug-4.0|Xbox 360.ActiveCfg = Debug|x86
		{B8261CA1-6F64-4ED0-9907-9DD9E62D280E}.Debug-4.0|x64.ActiveCfg = Debug|x86
		{B8261CA1-6F64-4ED0-9907-9DD9E62D280E}.Debug-4.0|x86.ActiveCfg = Debug|x86
		{B8261CA1-6F64-4ED0-9907-9DD9E62D280E}.Debug-4.0|x86.Build.0 = Debug|x86
		{B8261CA1-6F64-4ED0-9907-9DD9E62D280E}.Debug|Any CPU.ActiveCfg = Debug|x86
		{B8261CA1-6F64-4ED0-9907-9DD9E62D280E}.Debug|Mixed Platforms.ActiveCfg = Debug|x86
		{B8261CA1-6F64-4ED0-9907-9DD9E62D280E}.Debug|Mixed Platforms.Build.0 = Debug|x86
		{B8261CA1-6F64-4ED0-9907-9DD9E62D280E}.Debug|Xbox 360.ActiveCfg = Debug|x86
		{B8261CA1-6F64-4ED0-9907-9DD9E62D280E}.Debug|x64.ActiveCfg = Debug|x86
		{B8261CA1-6F64-4ED0-9907-9DD9E62D280E}.Debug|x86.ActiveCfg = Debug|x86
		{B8261CA1-6F64-4ED0-9907-9DD9E62D280E}.Debug|x86.Build.0 = Debug|x86
		{B8261CA1-6F64-4ED0-9907-9DD9E62D280E}.Public-4.0|Any CPU.ActiveCfg = Release|x86
		{B8261CA1-6F64-4ED0-9907-9DD9E62D280E}.Public-4.0|Mixed Platforms.ActiveCfg = Release|x86
		{B8261CA1-6F64-4ED0-9907-9DD9E62D280E}.Public-4.0|Mixed Platforms.Build.0 = Release|x86
		{B8261CA1-6F64-4ED0-9907-9DD9E62D280E}.Public-4.0|Xbox 360.ActiveCfg = Release|x86
		{B8261CA1-6F64-4ED0-9907-9DD9E62D280E}.Public-4.0|x64.ActiveCfg = Release|x86
		{B8261CA1-6F64-4ED0-9907-9DD9E62D280E}.Public-4.0|x86.ActiveCfg = Release|x86
		{B8261CA1-6F64-4ED0-9907-9DD9E62D280E}.Public-4.0|x86.Build.0 = Release|x86
		{B8261CA1-6F64-4ED0-9907-9DD9E62D280E}.Release-4.0|Any CPU.ActiveCfg = Release|x86
		{B8261CA1-6F64-4ED0-9907-9DD9E62D280E}.Release-4.0|Mixed Platforms.ActiveCfg = Release|x86
		{B8261CA1-6F64-4ED0-9907-9DD9E62D280E}.Release-4.0|Mixed Platforms.Build.0 = Release|x86
		{B8261CA1-6F64-4ED0-9907-9DD9E62D280E}.Release-4.0|Xbox 360.ActiveCfg = Release|x86
		{B8261CA1-6F64-4ED0-9907-9DD9E62D280E}.Release-4.0|x64.ActiveCfg = Release|x86
		{B8261CA1-6F64-4ED0-9907-9DD9E62D280E}.Release-4.0|x86.ActiveCfg = Release|x86
		{B8261CA1-6F64-4ED0-9907-9DD9E62D280E}.Release-4.0|x86.Build.0 = Release|x86
		{B8261CA1-6F64-4ED0-9907-9DD9E62D280E}.Release|Any CPU.ActiveCfg = Release|x86
		{B8261CA1-6F64-4ED0-9907-9DD9E62D280E}.Release|Mixed Platforms.ActiveCfg = Release|x86
		{B8261CA1-6F64-4ED0-9907-9DD9E62D280E}.Release|Mixed Platforms.Build.0 = Release|x86
		{B8261CA1-6F64-4ED0-9907-9DD9E62D280E}.Release|Xbox 360.ActiveCfg = Release|x86
		{B8261CA1-6F64-4ED0-9907-9DD9E62D280E}.Release|x64.ActiveCfg = Release|x86
		{B8261CA1-6F64-4ED0-9907-9DD9E62D280E}.Release|x86.ActiveCfg = Release|x86
		{B8261CA1-6F64-4ED0-9907-9DD9E62D280E}.Release|x86.Build.0 = Release|x86
		{D7A4E7BE-0569-4C6A-9F1E-B403457E31CE}.Debug-4.0|Any CPU.ActiveCfg = Debug|Any CPU
		{D7A4E7BE-0569-4C6A-9F1E-B403457E31CE}.Debug-4.0|Any CPU.Build.0 = Debug|Any CPU
		{D7A4E7BE-0569-4C6A-9F1E-B403457E31CE}.Debug-4.0|Mixed Platforms.ActiveCfg = Debug|Any CPU
		{D7A4E7BE-0569-4C6A-9F1E-B403457E31CE}.Debug-4.0|Mixed Platforms.Build.0 = Debug|Any CPU
		{D7A4E7BE-0569-4C6A-9F1E-B403457E31CE}.Debug-4.0|Xbox 360.ActiveCfg = Debug|Any CPU
		{D7A4E7BE-0569-4C6A-9F1E-B403457E31CE}.Debug-4.0|x64.ActiveCfg = Debug|Any CPU
		{D7A4E7BE-0569-4C6A-9F1E-B403457E31CE}.Debug-4.0|x86.ActiveCfg = Debug|Any CPU
		{D7A4E7BE-0569-4C6A-9F1E-B403457E31CE}.Debug|Any CPU.ActiveCfg = Debug|Any CPU
		{D7A4E7BE-0569-4C6A-9F1E-B403457E31CE}.Debug|Any CPU.Build.0 = Debug|Any CPU
		{D7A4E7BE-0569-4C6A-9F1E-B403457E31CE}.Debug|Mixed Platforms.ActiveCfg = Debug|Any CPU
		{D7A4E7BE-0569-4C6A-9F1E-B403457E31CE}.Debug|Mixed Platforms.Build.0 = Debug|Any CPU
		{D7A4E7BE-0569-4C6A-9F1E-B403457E31CE}.Debug|Xbox 360.ActiveCfg = Debug|Any CPU
		{D7A4E7BE-0569-4C6A-9F1E-B403457E31CE}.Debug|x64.ActiveCfg = Debug|Any CPU
		{D7A4E7BE-0569-4C6A-9F1E-B403457E31CE}.Debug|x86.ActiveCfg = Debug|Any CPU
		{D7A4E7BE-0569-4C6A-9F1E-B403457E31CE}.Public-4.0|Any CPU.ActiveCfg = Release|Any CPU
		{D7A4E7BE-0569-4C6A-9F1E-B403457E31CE}.Public-4.0|Any CPU.Build.0 = Release|Any CPU
		{D7A4E7BE-0569-4C6A-9F1E-B403457E31CE}.Public-4.0|Mixed Platforms.ActiveCfg = Release|Any CPU
		{D7A4E7BE-0569-4C6A-9F1E-B403457E31CE}.Public-4.0|Mixed Platforms.Build.0 = Release|Any CPU
		{D7A4E7BE-0569-4C6A-9F1E-B403457E31CE}.Public-4.0|Xbox 360.ActiveCfg = Release|Any CPU
		{D7A4E7BE-0569-4C6A-9F1E-B403457E31CE}.Public-4.0|x64.ActiveCfg = Release|Any CPU
		{D7A4E7BE-0569-4C6A-9F1E-B403457E31CE}.Public-4.0|x86.ActiveCfg = Release|Any CPU
		{D7A4E7BE-0569-4C6A-9F1E-B403457E31CE}.Release-4.0|Any CPU.ActiveCfg = Release|Any CPU
		{D7A4E7BE-0569-4C6A-9F1E-B403457E31CE}.Release-4.0|Any CPU.Build.0 = Release|Any CPU
		{D7A4E7BE-0569-4C6A-9F1E-B403457E31CE}.Release-4.0|Mixed Platforms.ActiveCfg = Release|Any CPU
		{D7A4E7BE-0569-4C6A-9F1E-B403457E31CE}.Release-4.0|Mixed Platforms.Build.0 = Release|Any CPU
		{D7A4E7BE-0569-4C6A-9F1E-B403457E31CE}.Release-4.0|Xbox 360.ActiveCfg = Release|Any CPU
		{D7A4E7BE-0569-4C6A-9F1E-B403457E31CE}.Release-4.0|x64.ActiveCfg = Release|Any CPU
		{D7A4E7BE-0569-4C6A-9F1E-B403457E31CE}.Release-4.0|x86.ActiveCfg = Release|Any CPU
		{D7A4E7BE-0569-4C6A-9F1E-B403457E31CE}.Release|Any CPU.ActiveCfg = Release|Any CPU
		{D7A4E7BE-0569-4C6A-9F1E-B403457E31CE}.Release|Any CPU.Build.0 = Release|Any CPU
		{D7A4E7BE-0569-4C6A-9F1E-B403457E31CE}.Release|Mixed Platforms.ActiveCfg = Release|Any CPU
		{D7A4E7BE-0569-4C6A-9F1E-B403457E31CE}.Release|Mixed Platforms.Build.0 = Release|Any CPU
		{D7A4E7BE-0569-4C6A-9F1E-B403457E31CE}.Release|Xbox 360.ActiveCfg = Release|Any CPU
		{D7A4E7BE-0569-4C6A-9F1E-B403457E31CE}.Release|x64.ActiveCfg = Release|Any CPU
		{D7A4E7BE-0569-4C6A-9F1E-B403457E31CE}.Release|x86.ActiveCfg = Release|Any CPU
		{E3EBFF9F-4B25-40F9-B221-3DC73EEA771D}.Debug-4.0|Any CPU.ActiveCfg = Debug|Any CPU
		{E3EBFF9F-4B25-40F9-B221-3DC73EEA771D}.Debug-4.0|Any CPU.Build.0 = Debug|Any CPU
		{E3EBFF9F-4B25-40F9-B221-3DC73EEA771D}.Debug-4.0|Mixed Platforms.ActiveCfg = Debug|Any CPU
		{E3EBFF9F-4B25-40F9-B221-3DC73EEA771D}.Debug-4.0|Mixed Platforms.Build.0 = Debug|Any CPU
		{E3EBFF9F-4B25-40F9-B221-3DC73EEA771D}.Debug-4.0|Xbox 360.ActiveCfg = Debug|Any CPU
		{E3EBFF9F-4B25-40F9-B221-3DC73EEA771D}.Debug-4.0|x64.ActiveCfg = Debug|Any CPU
		{E3EBFF9F-4B25-40F9-B221-3DC73EEA771D}.Debug-4.0|x86.ActiveCfg = Debug|Any CPU
		{E3EBFF9F-4B25-40F9-B221-3DC73EEA771D}.Debug|Any CPU.ActiveCfg = Debug|Any CPU
		{E3EBFF9F-4B25-40F9-B221-3DC73EEA771D}.Debug|Any CPU.Build.0 = Debug|Any CPU
		{E3EBFF9F-4B25-40F9-B221-3DC73EEA771D}.Debug|Mixed Platforms.ActiveCfg = Debug|Any CPU
		{E3EBFF9F-4B25-40F9-B221-3DC73EEA771D}.Debug|Mixed Platforms.Build.0 = Debug|Any CPU
		{E3EBFF9F-4B25-40F9-B221-3DC73EEA771D}.Debug|Xbox 360.ActiveCfg = Debug|Any CPU
		{E3EBFF9F-4B25-40F9-B221-3DC73EEA771D}.Debug|x64.ActiveCfg = Debug|Any CPU
		{E3EBFF9F-4B25-40F9-B221-3DC73EEA771D}.Debug|x86.ActiveCfg = Debug|Any CPU
		{E3EBFF9F-4B25-40F9-B221-3DC73EEA771D}.Public-4.0|Any CPU.ActiveCfg = Release|Any CPU
		{E3EBFF9F-4B25-40F9-B221-3DC73EEA771D}.Public-4.0|Any CPU.Build.0 = Release|Any CPU
		{E3EBFF9F-4B25-40F9-B221-3DC73EEA771D}.Public-4.0|Mixed Platforms.ActiveCfg = Release|Any CPU
		{E3EBFF9F-4B25-40F9-B221-3DC73EEA771D}.Public-4.0|Mixed Platforms.Build.0 = Release|Any CPU
		{E3EBFF9F-4B25-40F9-B221-3DC73EEA771D}.Public-4.0|Xbox 360.ActiveCfg = Release|Any CPU
		{E3EBFF9F-4B25-40F9-B221-3DC73EEA771D}.Public-4.0|x64.ActiveCfg = Release|Any CPU
		{E3EBFF9F-4B25-40F9-B221-3DC73EEA771D}.Public-4.0|x86.ActiveCfg = Release|Any CPU
		{E3EBFF9F-4B25-40F9-B221-3DC73EEA771D}.Release-4.0|Any CPU.ActiveCfg = Release|Any CPU
		{E3EBFF9F-4B25-40F9-B221-3DC73EEA771D}.Release-4.0|Any CPU.Build.0 = Release|Any CPU
		{E3EBFF9F-4B25-40F9-B221-3DC73EEA771D}.Release-4.0|Mixed Platforms.ActiveCfg = Release|Any CPU
		{E3EBFF9F-4B25-40F9-B221-3DC73EEA771D}.Release-4.0|Mixed Platforms.Build.0 = Release|Any CPU
		{E3EBFF9F-4B25-40F9-B221-3DC73EEA771D}.Release-4.0|Xbox 360.ActiveCfg = Release|Any CPU
		{E3EBFF9F-4B25-40F9-B221-3DC73EEA771D}.Release-4.0|x64.ActiveCfg = Release|Any CPU
		{E3EBFF9F-4B25-40F9-B221-3DC73EEA771D}.Release-4.0|x86.ActiveCfg = Release|Any CPU
		{E3EBFF9F-4B25-40F9-B221-3DC73EEA771D}.Release|Any CPU.ActiveCfg = Release|Any CPU
		{E3EBFF9F-4B25-40F9-B221-3DC73EEA771D}.Release|Any CPU.Build.0 = Release|Any CPU
		{E3EBFF9F-4B25-40F9-B221-3DC73EEA771D}.Release|Mixed Platforms.ActiveCfg = Release|Any CPU
		{E3EBFF9F-4B25-40F9-B221-3DC73EEA771D}.Release|Mixed Platforms.Build.0 = Release|Any CPU
		{E3EBFF9F-4B25-40F9-B221-3DC73EEA771D}.Release|Xbox 360.ActiveCfg = Release|Any CPU
		{E3EBFF9F-4B25-40F9-B221-3DC73EEA771D}.Release|x64.ActiveCfg = Release|Any CPU
		{E3EBFF9F-4B25-40F9-B221-3DC73EEA771D}.Release|x86.ActiveCfg = Release|Any CPU
		{FA89F48E-DCFA-43A6-AA29-4E286B4E0790}.Debug-4.0|Any CPU.ActiveCfg = Debug|x86
		{FA89F48E-DCFA-43A6-AA29-4E286B4E0790}.Debug-4.0|Mixed Platforms.ActiveCfg = Debug|x86
		{FA89F48E-DCFA-43A6-AA29-4E286B4E0790}.Debug-4.0|Mixed Platforms.Build.0 = Debug|x86
		{FA89F48E-DCFA-43A6-AA29-4E286B4E0790}.Debug-4.0|Xbox 360.ActiveCfg = Debug|x86
		{FA89F48E-DCFA-43A6-AA29-4E286B4E0790}.Debug-4.0|x64.ActiveCfg = Debug|x86
		{FA89F48E-DCFA-43A6-AA29-4E286B4E0790}.Debug-4.0|x86.ActiveCfg = Debug|x86
		{FA89F48E-DCFA-43A6-AA29-4E286B4E0790}.Debug-4.0|x86.Build.0 = Debug|x86
		{FA89F48E-DCFA-43A6-AA29-4E286B4E0790}.Debug|Any CPU.ActiveCfg = Debug|x86
		{FA89F48E-DCFA-43A6-AA29-4E286B4E0790}.Debug|Mixed Platforms.ActiveCfg = Debug|x86
		{FA89F48E-DCFA-43A6-AA29-4E286B4E0790}.Debug|Mixed Platforms.Build.0 = Debug|x86
		{FA89F48E-DCFA-43A6-AA29-4E286B4E0790}.Debug|Xbox 360.ActiveCfg = Debug|x86
		{FA89F48E-DCFA-43A6-AA29-4E286B4E0790}.Debug|x64.ActiveCfg = Debug|x86
		{FA89F48E-DCFA-43A6-AA29-4E286B4E0790}.Debug|x86.ActiveCfg = Debug|x86
		{FA89F48E-DCFA-43A6-AA29-4E286B4E0790}.Debug|x86.Build.0 = Debug|x86
		{FA89F48E-DCFA-43A6-AA29-4E286B4E0790}.Public-4.0|Any CPU.ActiveCfg = Release|x86
		{FA89F48E-DCFA-43A6-AA29-4E286B4E0790}.Public-4.0|Mixed Platforms.ActiveCfg = Release|x86
		{FA89F48E-DCFA-43A6-AA29-4E286B4E0790}.Public-4.0|Mixed Platforms.Build.0 = Release|x86
		{FA89F48E-DCFA-43A6-AA29-4E286B4E0790}.Public-4.0|Xbox 360.ActiveCfg = Release|x86
		{FA89F48E-DCFA-43A6-AA29-4E286B4E0790}.Public-4.0|x64.ActiveCfg = Release|x86
		{FA89F48E-DCFA-43A6-AA29-4E286B4E0790}.Public-4.0|x86.ActiveCfg = Release|x86
		{FA89F48E-DCFA-43A6-AA29-4E286B4E0790}.Public-4.0|x86.Build.0 = Release|x86
		{FA89F48E-DCFA-43A6-AA29-4E286B4E0790}.Release-4.0|Any CPU.ActiveCfg = Release|x86
		{FA89F48E-DCFA-43A6-AA29-4E286B4E0790}.Release-4.0|Mixed Platforms.ActiveCfg = Release|x86
		{FA89F48E-DCFA-43A6-AA29-4E286B4E0790}.Release-4.0|Mixed Platforms.Build.0 = Release|x86
		{FA89F48E-DCFA-43A6-AA29-4E286B4E0790}.Release-4.0|Xbox 360.ActiveCfg = Release|x86
		{FA89F48E-DCFA-43A6-AA29-4E286B4E0790}.Release-4.0|x64.ActiveCfg = Release|x86
		{FA89F48E-DCFA-43A6-AA29-4E286B4E0790}.Release-4.0|x86.ActiveCfg = Release|x86
		{FA89F48E-DCFA-43A6-AA29-4E286B4E0790}.Release-4.0|x86.Build.0 = Release|x86
		{FA89F48E-DCFA-43A6-AA29-4E286B4E0790}.Release|Any CPU.ActiveCfg = Release|x86
		{FA89F48E-DCFA-43A6-AA29-4E286B4E0790}.Release|Mixed Platforms.ActiveCfg = Release|x86
		{FA89F48E-DCFA-43A6-AA29-4E286B4E0790}.Release|Mixed Platforms.Build.0 = Release|x86
		{FA89F48E-DCFA-43A6-AA29-4E286B4E0790}.Release|Xbox 360.ActiveCfg = Release|x86
		{FA89F48E-DCFA-43A6-AA29-4E286B4E0790}.Release|x64.ActiveCfg = Release|x86
		{FA89F48E-DCFA-43A6-AA29-4E286B4E0790}.Release|x86.ActiveCfg = Release|x86
		{FA89F48E-DCFA-43A6-AA29-4E286B4E0790}.Release|x86.Build.0 = Release|x86
	EndGlobalSection
	GlobalSection(SolutionProperties) = preSolution
		HideSolutionNode = FALSE
	EndGlobalSection
EndGlobal
